
Microsoft Visual Studio Solution File, Format Version 12.00
# Visual Studio 15
VisualStudioVersion = 15.0.27004.2005
MinimumVisualStudioVersion = 10.0.40219.1
Project("{FAE04EC0-301F-11D3-BF4B-00C04F79EFBC}") = "consciencia", "consciencia\consciencia.csproj", "{F473603A-9FA2-4ACF-9DD4-C5E2827B6796}"
EndProject
Global
	GlobalSection(SolutionConfigurationPlatforms) = preSolution
		Debug|Any CPU = Debug|Any CPU
		Release|Any CPU = Release|Any CPU
	EndGlobalSection
	GlobalSection(ProjectConfigurationPlatforms) = postSolution
		{F473603A-9FA2-4ACF-9DD4-C5E2827B6796}.Debug|Any CPU.ActiveCfg = Debug|Any CPU
		{F473603A-9FA2-4ACF-9DD4-C5E2827B6796}.Debug|Any CPU.Build.0 = Debug|Any CPU
		{F473603A-9FA2-4ACF-9DD4-C5E2827B6796}.Release|Any CPU.ActiveCfg = Release|Any CPU
		{F473603A-9FA2-4ACF-9DD4-C5E2827B6796}.Release|Any CPU.Build.0 = Release|Any CPU
	EndGlobalSection
	GlobalSection(SolutionProperties) = preSolution
		HideSolutionNode = FALSE
	EndGlobalSection
	GlobalSection(ExtensibilityGlobals) = postSolution
		SolutionGuid = {89354A56-2B8E-47A3-AE33-27F13C557117}
	EndGlobalSection
EndGlobal
